<?xml version="1.0" encoding="utf-8"?>
<Project ToolsVersion="4.0" xmlns="http://schemas.microsoft.com/developer/msbuild/2003">
  <ItemGroup>
    <Filter Include="Source Files">
      <UniqueIdentifier>{4FC737F1-C7A5-4376-A066-2A32D752A2FF}</UniqueIdentifier>
      <Extensions>cpp;c;cxx;def;odl;idl;hpj;bat;asm;asmx</Extensions>
    </Filter>
    <Filter Include="Header Files">
      <UniqueIdentifier>{93995380-89BD-4b04-88EB-625FBE52EBFB}</UniqueIdentifier>
      <Extensions>h;hpp;hxx;hm;inl;inc;xsd</Extensions>
    </Filter>
    <Filter Include="Resource Files">
      <UniqueIdentifier>{67DA6AB6-F800-4c08-8B7A-83BB121AAD01}</UniqueIdentifier>
      <Extensions>rc;ico;cur;bmp;dlg;rc2;rct;bin;rgs;gif;jpg;jpeg;jpe;resx</Extensions>
    </Filter>
  </ItemGroup>
  <ItemGroup>
    <ClCompile Include="Common.cpp">
      <Filter>Source Files</Filter>
    </ClCompile>
    <ClCompile Include="ComPort.cpp">
      <Filter>Source Files</Filter>
    </ClCompile>
    <ClCompile Include="DataCache.cpp">
      <Filter>Source Files</Filter>
    </ClCompile>
    <ClCompile Include="Error.cpp">
      <Filter>Source Files</Filter>
    </ClCompile>
    <ClCompile Include="Lockable.cpp">
      <Filter>Source Files</Filter>
    </ClCompile>
    <ClCompile Include="Logger.cpp">
      <Filter>Source Files</Filter>
    </ClCompile>
    <ClCompile Include="MLString.cpp">
      <Filter>Source Files</Filter>
    </ClCompile>
    <ClCompile Include="PasswordArray.cpp">
      <Filter>Source Files</Filter>
    </ClCompile>
    <ClCompile Include="PasswordKeeper.cpp">
      <Filter>Source Files</Filter>
    </ClCompile>
    <ClCompile Include="Registry.cpp">
      <Filter>Source Files</Filter>
    </ClCompile>
    <ClCompile Include="Thread.cpp">
      <Filter>Source Files</Filter>
    </ClCompile>
    <ClCompile Include="Timer.cpp">
      <Filter>Source Files</Filter>
    </ClCompile>
    <ClCompile Include="Variant.cpp">
      <Filter>Source Files</Filter>
    </ClCompile>
    <ClCompile Include="CNetConnect.cpp">
      <Filter>Source Files</Filter>
    </ClCompile>
    <ClCompile Include="CNetUdp.cpp">
      <Filter>Source Files</Filter>
    </ClCompile>
    <ClCompile Include="CNetTcp.cpp">
      <Filter>Source Files</Filter>
    </ClCompile>
    <ClCompile Include="CNet.cpp">
      <Filter>Source Files</Filter>
    </ClCompile>
  </ItemGroup>
  <ItemGroup>
    <ClInclude Include="auto_array.h">
      <Filter>Header Files</Filter>
    </ClInclude>
    <ClInclude Include="Common.h">
      <Filter>Header Files</Filter>
    </ClInclude>
    <ClInclude Include="ComPort.h">
      <Filter>Header Files</Filter>
    </ClInclude>
    <ClInclude Include="DataCache.h">
      <Filter>Header Files</Filter>
    </ClInclude>
    <ClInclude Include="Error.h">
      <Filter>Header Files</Filter>
    </ClInclude>
    <ClInclude Include="Lockable.h">
      <Filter>Header Files</Filter>
    </ClInclude>
    <ClInclude Include="Logger.h">
      <Filter>Header Files</Filter>
    </ClInclude>
    <ClInclude Include="MLString.h">
      <Filter>Header Files</Filter>
    </ClInclude>
    <ClInclude Include="PasswordArray.h">
      <Filter>Header Files</Filter>
    </ClInclude>
    <ClInclude Include="PasswordKeeper.h">
      <Filter>Header Files</Filter>
    </ClInclude>
    <ClInclude Include="Pool.h">
      <Filter>Header Files</Filter>
    </ClInclude>
    <ClInclude Include="Queue.h">
      <Filter>Header Files</Filter>
    </ClInclude>
    <ClInclude Include="Registry.h">
      <Filter>Header Files</Filter>
    </ClInclude>
    <ClInclude Include="smart_ptr.h">
      <Filter>Header Files</Filter>
    </ClInclude>
    <ClInclude Include="Thread.h">
      <Filter>Header Files</Filter>
    </ClInclude>
    <ClInclude Include="Timer.h">
      <Filter>Header Files</Filter>
    </ClInclude>
    <ClInclude Include="tstring.h">
      <Filter>Header Files</Filter>
    </ClInclude>
    <ClInclude Include="Variant.h">
      <Filter>Header Files</Filter>
    </ClInclude>
    <ClInclude Include="CNetConnect.h">
      <Filter>Header Files</Filter>
    </ClInclude>
    <ClInclude Include="CNet.h">
      <Filter>Header Files</Filter>
    </ClInclude>
    <ClInclude Include="CNetUdp.h">
      <Filter>Header Files</Filter>
    </ClInclude>
    <ClInclude Include="CNetTcp.h">
      <Filter>Header Files</Filter>
    </ClInclude>
    <ClInclude Include="CNetOptions.h">
      <Filter>Header Files</Filter>
    </ClInclude>
  </ItemGroup>
  <ItemGroup>
    <None Include="ReadMe.txt" />
  </ItemGroup>
</Project>